[[package]]
name = "asgiref"
version = "3.5.2"
description = "ASGI specs, helper code, and adapters"
category = "main"
optional = false
python-versions = ">=3.7"

[package.extras]
tests = ["mypy (>=0.800)", "pytest", "pytest-asyncio"]

[[package]]
name = "certifi"
version = "2022.6.15"
description = "Python package for providing Mozilla's CA Bundle."
category = "main"
optional = false
python-versions = ">=3.6"

[metadata]
lock-version = "2.0"
python-versions = "^3.7"
content-hash = "1cecdb5c4f27a43e0bfaed3c063b275782ac693a803e2b2ecd482fcb6a737d5e"
